
Microsoft Visual Studio Solution File, Format Version 12.00
# Visual Studio Version 16
VisualStudioVersion = 16.0.29230.47
MinimumVisualStudioVersion = 10.0.40219.1
Project("{2150E333-8FDC-42A3-9474-1A3956D46DE8}") = "SRC", "SRC", "{08222145-1B79-4DEC-8C92-AB5D843B37B6}"
EndProject
Project("{2150E333-8FDC-42A3-9474-1A3956D46DE8}") = "Services", "Services", "{DF5D291F-7170-4A0C-91BB-1D9C5BAB3934}"
EndProject
Project("{2150E333-8FDC-42A3-9474-1A3956D46DE8}") = "Web", "Web", "{6410BB04-A97C-464E-96A9-B88C8BD4D701}"
EndProject
Project("{9A19103F-16F7-4668-BE54-9A1E7A4F7556}") = "EventCatalogAPI", "EventCatalogAPI\EventCatalogAPI.csproj", "{324EACF2-524F-4C4C-B44D-9650AC3F3A0D}"
EndProject
Project("{9A19103F-16F7-4668-BE54-9A1E7A4F7556}") = "WebMVC", "WebMVC\WebMVC.csproj", "{DD5850D9-94B5-41DE-A851-9C0AB9F76BF5}"
EndProject
Project("{E53339B2-1760-4266-BCC7-CA923CBCF16C}") = "docker-compose", "docker-compose.dcproj", "{2FCB0AB7-86CA-4120-9020-3E8DC3063251}"
EndProject
Project("{9A19103F-16F7-4668-BE54-9A1E7A4F7556}") = "TokenServiceApi", "TokenServiceApi\TokenServiceApi.csproj", "{49275037-BFA6-4D14-BCFE-7EF0028A88B3}"
EndProject
Project("{9A19103F-16F7-4668-BE54-9A1E7A4F7556}") = "CartApi", "CartApi\CartApi.csproj", "{864EA6B2-1F97-487C-A530-9B416B8D740C}"
EndProject
Project("{FAE04EC0-301F-11D3-BF4B-00C04F79EFBC}") = "OrderApi", "OrderApi\OrderApi.csproj", "{F86F1E2F-46F0-4F29-AC2C-B1A29B8C5AE5}"
EndProject
Global
	GlobalSection(SolutionConfigurationPlatforms) = preSolution
		Debug|Any CPU = Debug|Any CPU
		Release|Any CPU = Release|Any CPU
	EndGlobalSection
	GlobalSection(ProjectConfigurationPlatforms) = postSolution
		{324EACF2-524F-4C4C-B44D-9650AC3F3A0D}.Debug|Any CPU.ActiveCfg = Debug|Any CPU
		{324EACF2-524F-4C4C-B44D-9650AC3F3A0D}.Debug|Any CPU.Build.0 = Debug|Any CPU
		{324EACF2-524F-4C4C-B44D-9650AC3F3A0D}.Release|Any CPU.ActiveCfg = Release|Any CPU
		{324EACF2-524F-4C4C-B44D-9650AC3F3A0D}.Release|Any CPU.Build.0 = Release|Any CPU
		{DD5850D9-94B5-41DE-A851-9C0AB9F76BF5}.Debug|Any CPU.ActiveCfg = Debug|Any CPU
		{DD5850D9-94B5-41DE-A851-9C0AB9F76BF5}.Debug|Any CPU.Build.0 = Debug|Any CPU
		{DD5850D9-94B5-41DE-A851-9C0AB9F76BF5}.Release|Any CPU.ActiveCfg = Release|Any CPU
		{DD5850D9-94B5-41DE-A851-9C0AB9F76BF5}.Release|Any CPU.Build.0 = Release|Any CPU
		{2FCB0AB7-86CA-4120-9020-3E8DC3063251}.Debug|Any CPU.ActiveCfg = Debug|Any CPU
		{2FCB0AB7-86CA-4120-9020-3E8DC3063251}.Debug|Any CPU.Build.0 = Debug|Any CPU
		{2FCB0AB7-86CA-4120-9020-3E8DC3063251}.Release|Any CPU.ActiveCfg = Release|Any CPU
		{2FCB0AB7-86CA-4120-9020-3E8DC3063251}.Release|Any CPU.Build.0 = Release|Any CPU
		{49275037-BFA6-4D14-BCFE-7EF0028A88B3}.Debug|Any CPU.ActiveCfg = Debug|Any CPU
		{49275037-BFA6-4D14-BCFE-7EF0028A88B3}.Debug|Any CPU.Build.0 = Debug|Any CPU
		{49275037-BFA6-4D14-BCFE-7EF0028A88B3}.Release|Any CPU.ActiveCfg = Release|Any CPU
		{49275037-BFA6-4D14-BCFE-7EF0028A88B3}.Release|Any CPU.Build.0 = Release|Any CPU
		{864EA6B2-1F97-487C-A530-9B416B8D740C}.Debug|Any CPU.ActiveCfg = Debug|Any CPU
		{864EA6B2-1F97-487C-A530-9B416B8D740C}.Debug|Any CPU.Build.0 = Debug|Any CPU
		{864EA6B2-1F97-487C-A530-9B416B8D740C}.Release|Any CPU.ActiveCfg = Release|Any CPU
		{864EA6B2-1F97-487C-A530-9B416B8D740C}.Release|Any CPU.Build.0 = Release|Any CPU
		{F86F1E2F-46F0-4F29-AC2C-B1A29B8C5AE5}.Debug|Any CPU.ActiveCfg = Debug|Any CPU
		{F86F1E2F-46F0-4F29-AC2C-B1A29B8C5AE5}.Debug|Any CPU.Build.0 = Debug|Any CPU
		{F86F1E2F-46F0-4F29-AC2C-B1A29B8C5AE5}.Release|Any CPU.ActiveCfg = Release|Any CPU
		{F86F1E2F-46F0-4F29-AC2C-B1A29B8C5AE5}.Release|Any CPU.Build.0 = Release|Any CPU
	EndGlobalSection
	GlobalSection(SolutionProperties) = preSolution
		HideSolutionNode = FALSE
	EndGlobalSection
	GlobalSection(NestedProjects) = preSolution
		{DF5D291F-7170-4A0C-91BB-1D9C5BAB3934} = {08222145-1B79-4DEC-8C92-AB5D843B37B6}
		{6410BB04-A97C-464E-96A9-B88C8BD4D701} = {08222145-1B79-4DEC-8C92-AB5D843B37B6}
		{324EACF2-524F-4C4C-B44D-9650AC3F3A0D} = {DF5D291F-7170-4A0C-91BB-1D9C5BAB3934}
		{DD5850D9-94B5-41DE-A851-9C0AB9F76BF5} = {6410BB04-A97C-464E-96A9-B88C8BD4D701}
		{49275037-BFA6-4D14-BCFE-7EF0028A88B3} = {DF5D291F-7170-4A0C-91BB-1D9C5BAB3934}
		{864EA6B2-1F97-487C-A530-9B416B8D740C} = {DF5D291F-7170-4A0C-91BB-1D9C5BAB3934}
		{F86F1E2F-46F0-4F29-AC2C-B1A29B8C5AE5} = {DF5D291F-7170-4A0C-91BB-1D9C5BAB3934}
	EndGlobalSection
	GlobalSection(ExtensibilityGlobals) = postSolution
		SolutionGuid = {1B99789C-CC94-4AFC-850D-9DFBC9BDFC62}
	EndGlobalSection
EndGlobal
